
Microsoft Visual Studio Solution File, Format Version 12.00
# Visual Studio Version 17
VisualStudioVersion = 17.14.36623.8 d17.14
MinimumVisualStudioVersion = 10.0.40219.1
Project("{2150E333-8FDC-42A3-9474-1A3956D46DE8}") = "src", "src", "{02EA681E-C7D8-13C7-8484-4AC65E1B71E8}"
EndProject
Project("{FAE04EC0-301F-11D3-BF4B-00C04F79EFBC}") = "KnovaHub.API", "KnovaHub.API\KnovaHub.API.csproj", "{4B458EC7-0CE4-4D04-92A0-7A3CDB4628CE}"
EndProject
Project("{FAE04EC0-301F-11D3-BF4B-00C04F79EFBC}") = "KnovaHub.ApplicationLayer", "KnovaHub.ApplicationLayer\KnovaHub.ApplicationLayer.csproj", "{CCC9B5AE-B43C-49CF-9477-6D94CA0578E0}"
EndProject
Project("{FAE04EC0-301F-11D3-BF4B-00C04F79EFBC}") = "KnovaHub.DomainLayer", "KnovaHub.DomainLayer\KnovaHub.DomainLayer.csproj", "{6A7D287C-CBEB-48A5-87B5-5E0194BCA6AB}"
EndProject
Project("{FAE04EC0-301F-11D3-BF4B-00C04F79EFBC}") = "KnovaHub.InfrastructureLayer", "KnovaHub.InfrastructureLayer\KnovaHub.InfrastructureLayer.csproj", "{A01DCF86-41F7-4564-A293-02CF00C8C7FD}"
EndProject
Global
	GlobalSection(SolutionConfigurationPlatforms) = preSolution
		Debug|Any CPU = Debug|Any CPU
		Release|Any CPU = Release|Any CPU
	EndGlobalSection
	GlobalSection(ProjectConfigurationPlatforms) = postSolution
		{4B458EC7-0CE4-4D04-92A0-7A3CDB4628CE}.Debug|Any CPU.ActiveCfg = Debug|Any CPU
		{4B458EC7-0CE4-4D04-92A0-7A3CDB4628CE}.Debug|Any CPU.Build.0 = Debug|Any CPU
		{4B458EC7-0CE4-4D04-92A0-7A3CDB4628CE}.Release|Any CPU.ActiveCfg = Release|Any CPU
		{4B458EC7-0CE4-4D04-92A0-7A3CDB4628CE}.Release|Any CPU.Build.0 = Release|Any CPU
		{CCC9B5AE-B43C-49CF-9477-6D94CA0578E0}.Debug|Any CPU.ActiveCfg = Debug|Any CPU
		{CCC9B5AE-B43C-49CF-9477-6D94CA0578E0}.Debug|Any CPU.Build.0 = Debug|Any CPU
		{CCC9B5AE-B43C-49CF-9477-6D94CA0578E0}.Release|Any CPU.ActiveCfg = Release|Any CPU
		{CCC9B5AE-B43C-49CF-9477-6D94CA0578E0}.Release|Any CPU.Build.0 = Release|Any CPU
		{6A7D287C-CBEB-48A5-87B5-5E0194BCA6AB}.Debug|Any CPU.ActiveCfg = Debug|Any CPU
		{6A7D287C-CBEB-48A5-87B5-5E0194BCA6AB}.Debug|Any CPU.Build.0 = Debug|Any CPU
		{6A7D287C-CBEB-48A5-87B5-5E0194BCA6AB}.Release|Any CPU.ActiveCfg = Release|Any CPU
		{6A7D287C-CBEB-48A5-87B5-5E0194BCA6AB}.Release|Any CPU.Build.0 = Release|Any CPU
		{A01DCF86-41F7-4564-A293-02CF00C8C7FD}.Debug|Any CPU.ActiveCfg = Debug|Any CPU
		{A01DCF86-41F7-4564-A293-02CF00C8C7FD}.Debug|Any CPU.Build.0 = Debug|Any CPU
		{A01DCF86-41F7-4564-A293-02CF00C8C7FD}.Release|Any CPU.ActiveCfg = Release|Any CPU
		{A01DCF86-41F7-4564-A293-02CF00C8C7FD}.Release|Any CPU.Build.0 = Release|Any CPU
	EndGlobalSection
	GlobalSection(SolutionProperties) = preSolution
		HideSolutionNode = FALSE
	EndGlobalSection
	GlobalSection(NestedProjects) = preSolution
		{4B458EC7-0CE4-4D04-92A0-7A3CDB4628CE} = {02EA681E-C7D8-13C7-8484-4AC65E1B71E8}
		{CCC9B5AE-B43C-49CF-9477-6D94CA0578E0} = {02EA681E-C7D8-13C7-8484-4AC65E1B71E8}
		{6A7D287C-CBEB-48A5-87B5-5E0194BCA6AB} = {02EA681E-C7D8-13C7-8484-4AC65E1B71E8}
		{A01DCF86-41F7-4564-A293-02CF00C8C7FD} = {02EA681E-C7D8-13C7-8484-4AC65E1B71E8}
	EndGlobalSection
	GlobalSection(ExtensibilityGlobals) = postSolution
		SolutionGuid = {EBD3235A-5128-4B11-A7F4-520E6ADA874B}
	EndGlobalSection
EndGlobal
